
Microsoft Visual Studio Solution File, Format Version 12.00
# Visual Studio Version 17
VisualStudioVersion = 17.7.34003.232
MinimumVisualStudioVersion = 10.0.40219.1
Project("{FAE04EC0-301F-11D3-BF4B-00C04F79EFBC}") = "ExcelOnline.Api", "ExcelOnline.Api.csproj", "{75DF400F-E5DA-4FBF-8091-227411CB50F2}"
EndProject
Project("{FAE04EC0-301F-11D3-BF4B-00C04F79EFBC}") = "ExcelOnline.Data", "..\ExcelOnline.Data\ExcelOnline.Data.csproj", "{C3C57483-CCB2-4F5D-9708-517A07AD227F}"
EndProject
Project("{2150E333-8FDC-42A3-9474-1A3956D46DE8}") = "Solution Items", "Solution Items", "{12AF1409-3184-4597-9BBF-6EECEEBC9754}"
	ProjectSection(SolutionItems) = preProject
		.editorconfig = .editorconfig
	EndProjectSection
EndProject
Global
	GlobalSection(SolutionConfigurationPlatforms) = preSolution
		Debug|Any CPU = Debug|Any CPU
		Release|Any CPU = Release|Any CPU
	EndGlobalSection
	GlobalSection(ProjectConfigurationPlatforms) = postSolution
		{75DF400F-E5DA-4FBF-8091-227411CB50F2}.Debug|Any CPU.ActiveCfg = Debug|Any CPU
		{75DF400F-E5DA-4FBF-8091-227411CB50F2}.Debug|Any CPU.Build.0 = Debug|Any CPU
		{75DF400F-E5DA-4FBF-8091-227411CB50F2}.Release|Any CPU.ActiveCfg = Release|Any CPU
		{75DF400F-E5DA-4FBF-8091-227411CB50F2}.Release|Any CPU.Build.0 = Release|Any CPU
		{C3C57483-CCB2-4F5D-9708-517A07AD227F}.Debug|Any CPU.ActiveCfg = Debug|Any CPU
		{C3C57483-CCB2-4F5D-9708-517A07AD227F}.Debug|Any CPU.Build.0 = Debug|Any CPU
		{C3C57483-CCB2-4F5D-9708-517A07AD227F}.Release|Any CPU.ActiveCfg = Release|Any CPU
		{C3C57483-CCB2-4F5D-9708-517A07AD227F}.Release|Any CPU.Build.0 = Release|Any CPU
	EndGlobalSection
	GlobalSection(SolutionProperties) = preSolution
		HideSolutionNode = FALSE
	EndGlobalSection
	GlobalSection(ExtensibilityGlobals) = postSolution
		SolutionGuid = {4E8F5FDC-BDAB-4732-87CC-297FE29BEE59}
	EndGlobalSection
EndGlobal
